// !$*UTF8*$!
{
	archiveVersion = 1;
	classes = {
	};
	objectVersion = 56;
	objects = {

/* Begin PBXBuildFile section */
		0B340C1B2D6C6EF400B84370 /* TableVC.m in Sources */ = {isa = PBXBuildFile; fileRef = 0B340C192D6C6EF400B84370 /* TableVC.m */; };
		0B5C035A2C85B76500C30092 /* AppDelegate.m in Sources */ = {isa = PBXBuildFile; fileRef = 0B5C03592C85B76500C30092 /* AppDelegate.m */; };
		0B5C03602C85B76500C30092 /* ViewController.m in Sources */ = {isa = PBXBuildFile; fileRef = 0B5C035F2C85B76500C30092 /* ViewController.m */; };
		0B5C03632C85B76500C30092 /* Main.storyboard in Resources */ = {isa = PBXBuildFile; fileRef = 0B5C03612C85B76500C30092 /* Main.storyboard */; };
		0B5C03652C85B76700C30092 /* Assets.xcassets in Resources */ = {isa = PBXBuildFile; fileRef = 0B5C03642C85B76700C30092 /* Assets.xcassets */; };
		0B5C03682C85B76700C30092 /* LaunchScreen.storyboard in Resources */ = {isa = PBXBuildFile; fileRef = 0B5C03662C85B76700C30092 /* LaunchScreen.storyboard */; };
		0B5C036B2C85B76700C30092 /* main.m in Sources */ = {isa = PBXBuildFile; fileRef = 0B5C036A2C85B76700C30092 /* main.m */; };
		0BD0C8D82D6EE5B10003E85F /* TestID.m in Sources */ = {isa = PBXBuildFile; fileRef = 0BD0C8D62D6EE5B10003E85F /* TestID.m */; };
		0BD0C8D92D6EE5B10003E85F /* Settings.bundle in Resources */ = {isa = PBXBuildFile; fileRef = 0BD0C8D72D6EE5B10003E85F /* Settings.bundle */; };
		0BD0C8DB2D6EE5CA0003E85F /* MiniSDKFramework.xcframework in Frameworks */ = {isa = PBXBuildFile; fileRef = 0BD0C8DA2D6EE5CA0003E85F /* MiniSDKFramework.xcframework */; };
		0BD0C8DD2D6EF6500003E85F /* MiniSDKFramework.xcframework in Embed Frameworks */ = {isa = PBXBuildFile; fileRef = 0BD0C8DA2D6EE5CA0003E85F /* MiniSDKFramework.xcframework */; settings = {ATTRIBUTES = (CodeSignOnCopy, RemoveHeadersOnCopy, ); }; };
		ED85E77203CF796E07401DF5 /* Pods_Demo.framework in Frameworks */ = {isa = PBXBuildFile; fileRef = D34385F5DB5815C9E0696299 /* Pods_Demo.framework */; };
/* End PBXBuildFile section */

/* Begin PBXCopyFilesBuildPhase section */
		0B340C1E2D6C6F0C00B84370 /* Embed Frameworks */ = {
			isa = PBXCopyFilesBuildPhase;
			buildActionMask = 2147483647;
			dstPath = "";
			dstSubfolderSpec = 10;
			files = (
				0BD0C8DD2D6EF6500003E85F /* MiniSDKFramework.xcframework in Embed Frameworks */,
			);
			name = "Embed Frameworks";
			runOnlyForDeploymentPostprocessing = 0;
		};
/* End PBXCopyFilesBuildPhase section */

/* Begin PBXFileReference section */
		0B340C192D6C6EF400B84370 /* TableVC.m */ = {isa = PBXFileReference; fileEncoding = 4; lastKnownFileType = sourcecode.c.objc; path = TableVC.m; sourceTree = "<group>"; };
		0B340C1A2D6C6EF400B84370 /* TableVC.h */ = {isa = PBXFileReference; fileEncoding = 4; lastKnownFileType = sourcecode.c.h; path = TableVC.h; sourceTree = "<group>"; };
		0B5C03552C85B76500C30092 /* Demo.app */ = {isa = PBXFileReference; explicitFileType = wrapper.application; includeInIndex = 0; path = Demo.app; sourceTree = BUILT_PRODUCTS_DIR; };
		0B5C03582C85B76500C30092 /* AppDelegate.h */ = {isa = PBXFileReference; lastKnownFileType = sourcecode.c.h; path = AppDelegate.h; sourceTree = "<group>"; };
		0B5C03592C85B76500C30092 /* AppDelegate.m */ = {isa = PBXFileReference; lastKnownFileType = sourcecode.c.objc; path = AppDelegate.m; sourceTree = "<group>"; };
		0B5C035E2C85B76500C30092 /* ViewController.h */ = {isa = PBXFileReference; lastKnownFileType = sourcecode.c.h; path = ViewController.h; sourceTree = "<group>"; };
		0B5C035F2C85B76500C30092 /* ViewController.m */ = {isa = PBXFileReference; lastKnownFileType = sourcecode.c.objc; path = ViewController.m; sourceTree = "<group>"; };
		0B5C03622C85B76500C30092 /* Base */ = {isa = PBXFileReference; lastKnownFileType = file.storyboard; name = Base; path = Base.lproj/Main.storyboard; sourceTree = "<group>"; };
		0B5C03642C85B76700C30092 /* Assets.xcassets */ = {isa = PBXFileReference; lastKnownFileType = folder.assetcatalog; path = Assets.xcassets; sourceTree = "<group>"; };
		0B5C03672C85B76700C30092 /* Base */ = {isa = PBXFileReference; lastKnownFileType = file.storyboard; name = Base; path = Base.lproj/LaunchScreen.storyboard; sourceTree = "<group>"; };
		0B5C03692C85B76700C30092 /* Info.plist */ = {isa = PBXFileReference; lastKnownFileType = text.plist.xml; path = Info.plist; sourceTree = "<group>"; };
		0B5C036A2C85B76700C30092 /* main.m */ = {isa = PBXFileReference; lastKnownFileType = sourcecode.c.objc; path = main.m; sourceTree = "<group>"; };
		0BD0C8D52D6EE5B10003E85F /* TestID.h */ = {isa = PBXFileReference; fileEncoding = 4; lastKnownFileType = sourcecode.c.h; path = TestID.h; sourceTree = "<group>"; };
		0BD0C8D62D6EE5B10003E85F /* TestID.m */ = {isa = PBXFileReference; fileEncoding = 4; lastKnownFileType = sourcecode.c.objc; path = TestID.m; sourceTree = "<group>"; };
		0BD0C8D72D6EE5B10003E85F /* Settings.bundle */ = {isa = PBXFileReference; lastKnownFileType = "wrapper.plug-in"; path = Settings.bundle; sourceTree = "<group>"; };
		0BD0C8DA2D6EE5CA0003E85F /* MiniSDKFramework.xcframework */ = {isa = PBXFileReference; lastKnownFileType = wrapper.xcframework; name = MiniSDKFramework.xcframework; path = ../../sdk/MiniSDKFramework.xcframework; sourceTree = "<group>"; };
		6619A636FF7140D5E78AE81A /* Pods-Demo.release.xcconfig */ = {isa = PBXFileReference; includeInIndex = 1; lastKnownFileType = text.xcconfig; name = "Pods-Demo.release.xcconfig"; path = "Target Support Files/Pods-Demo/Pods-Demo.release.xcconfig"; sourceTree = "<group>"; };
		C047BAE77EF04A75EC6E0C6D /* Pods-Demo.debug.xcconfig */ = {isa = PBXFileReference; includeInIndex = 1; lastKnownFileType = text.xcconfig; name = "Pods-Demo.debug.xcconfig"; path = "Target Support Files/Pods-Demo/Pods-Demo.debug.xcconfig"; sourceTree = "<group>"; };
		D34385F5DB5815C9E0696299 /* Pods_Demo.framework */ = {isa = PBXFileReference; explicitFileType = wrapper.framework; includeInIndex = 0; path = Pods_Demo.framework; sourceTree = BUILT_PRODUCTS_DIR; };
/* End PBXFileReference section */

/* Begin PBXFrameworksBuildPhase section */
		0B5C03522C85B76500C30092 /* Frameworks */ = {
			isa = PBXFrameworksBuildPhase;
			buildActionMask = 2147483647;
			files = (
				0BD0C8DB2D6EE5CA0003E85F /* MiniSDKFramework.xcframework in Frameworks */,
				ED85E77203CF796E07401DF5 /* Pods_Demo.framework in Frameworks */,
			);
			runOnlyForDeploymentPostprocessing = 0;
		};
/* End PBXFrameworksBuildPhase section */

/* Begin PBXGroup section */
		09E4EBCC3E50D3A2787FE7EE /* Pods */ = {
			isa = PBXGroup;
			children = (
				C047BAE77EF04A75EC6E0C6D /* Pods-Demo.debug.xcconfig */,
				6619A636FF7140D5E78AE81A /* Pods-Demo.release.xcconfig */,
			);
			path = Pods;
			sourceTree = "<group>";
		};
		0B5C034C2C85B76500C30092 = {
			isa = PBXGroup;
			children = (
				0B5C03572C85B76500C30092 /* Demo */,
				0B5C03562C85B76500C30092 /* Products */,
				09E4EBCC3E50D3A2787FE7EE /* Pods */,
				27694F4ED7F67820FE3E4551 /* Frameworks */,
			);
			sourceTree = "<group>";
		};
		0B5C03562C85B76500C30092 /* Products */ = {
			isa = PBXGroup;
			children = (
				0B5C03552C85B76500C30092 /* Demo.app */,
			);
			name = Products;
			sourceTree = "<group>";
		};
		0B5C03572C85B76500C30092 /* Demo */ = {
			isa = PBXGroup;
			children = (
				0B5C03582C85B76500C30092 /* AppDelegate.h */,
				0B5C03592C85B76500C30092 /* AppDelegate.m */,
				0B5C035E2C85B76500C30092 /* ViewController.h */,
				0B5C035F2C85B76500C30092 /* ViewController.m */,
				0B340C1A2D6C6EF400B84370 /* TableVC.h */,
				0B340C192D6C6EF400B84370 /* TableVC.m */,
				0BD0C8D72D6EE5B10003E85F /* Settings.bundle */,
				0BD0C8D52D6EE5B10003E85F /* TestID.h */,
				0BD0C8D62D6EE5B10003E85F /* TestID.m */,
				0BD0C8DA2D6EE5CA0003E85F /* MiniSDKFramework.xcframework */,
				0B5C03612C85B76500C30092 /* Main.storyboard */,
				0B5C03642C85B76700C30092 /* Assets.xcassets */,
				0B5C03662C85B76700C30092 /* LaunchScreen.storyboard */,
				0B5C03692C85B76700C30092 /* Info.plist */,
				0B5C036A2C85B76700C30092 /* main.m */,
			);
			path = Demo;
			sourceTree = "<group>";
		};
		27694F4ED7F67820FE3E4551 /* Frameworks */ = {
			isa = PBXGroup;
			children = (
				D34385F5DB5815C9E0696299 /* Pods_Demo.framework */,
			);
			name = Frameworks;
			sourceTree = "<group>";
		};
/* End PBXGroup section */

/* Begin PBXNativeTarget section */
		0B5C03542C85B76500C30092 /* Demo */ = {
			isa = PBXNativeTarget;
			buildConfigurationList = 0B5C036E2C85B76700C30092 /* Build configuration list for PBXNativeTarget "Demo" */;
			buildPhases = (
				1D443604579AC8964B4E1487 /* [CP] Check Pods Manifest.lock */,
				0B5C03512C85B76500C30092 /* Sources */,
				0B5C03522C85B76500C30092 /* Frameworks */,
				0B5C03532C85B76500C30092 /* Resources */,
				0B340C1E2D6C6F0C00B84370 /* Embed Frameworks */,
			);
			buildRules = (
			);
			dependencies = (
			);
			name = Demo;
			productName = Demo;
			productReference = 0B5C03552C85B76500C30092 /* Demo.app */;
			productType = "com.apple.product-type.application";
		};
/* End PBXNativeTarget section */

/* Begin PBXProject section */
		0B5C034D2C85B76500C30092 /* Project object */ = {
			isa = PBXProject;
			attributes = {
				BuildIndependentTargetsInParallel = 1;
				LastUpgradeCheck = 1520;
				TargetAttributes = {
					0B5C03542C85B76500C30092 = {
						CreatedOnToolsVersion = 15.2;
					};
				};
			};
			buildConfigurationList = 0B5C03502C85B76500C30092 /* Build configuration list for PBXProject "Demo" */;
			compatibilityVersion = "Xcode 14.0";
			developmentRegion = en;
			hasScannedForEncodings = 0;
			knownRegions = (
				en,
				Base,
			);
			mainGroup = 0B5C034C2C85B76500C30092;
			productRefGroup = 0B5C03562C85B76500C30092 /* Products */;
			projectDirPath = "";
			projectRoot = "";
			targets = (
				0B5C03542C85B76500C30092 /* Demo */,
			);
		};
/* End PBXProject section */

/* Begin PBXResourcesBuildPhase section */
		0B5C03532C85B76500C30092 /* Resources */ = {
			isa = PBXResourcesBuildPhase;
			buildActionMask = 2147483647;
			files = (
				0BD0C8D92D6EE5B10003E85F /* Settings.bundle in Resources */,
				0B5C03682C85B76700C30092 /* LaunchScreen.storyboard in Resources */,
				0B5C03652C85B76700C30092 /* Assets.xcassets in Resources */,
				0B5C03632C85B76500C30092 /* Main.storyboard in Resources */,
			);
			runOnlyForDeploymentPostprocessing = 0;
		};
/* End PBXResourcesBuildPhase section */

/* Begin PBXShellScriptBuildPhase section */
		1D443604579AC8964B4E1487 /* [CP] Check Pods Manifest.lock */ = {
			isa = PBXShellScriptBuildPhase;
			buildActionMask = 2147483647;
			files = (
			);
			inputFileListPaths = (
			);
			inputPaths = (
				"${PODS_PODFILE_DIR_PATH}/Podfile.lock",
				"${PODS_ROOT}/Manifest.lock",
			);
			name = "[CP] Check Pods Manifest.lock";
			outputFileListPaths = (
			);
			outputPaths = (
				"$(DERIVED_FILE_DIR)/Pods-Demo-checkManifestLockResult.txt",
			);
			runOnlyForDeploymentPostprocessing = 0;
			shellPath = /bin/sh;
			shellScript = "diff \"${PODS_PODFILE_DIR_PATH}/Podfile.lock\" \"${PODS_ROOT}/Manifest.lock\" > /dev/null\nif [ $? != 0 ] ; then\n    # print error to STDERR\n    echo \"error: The sandbox is not in sync with the Podfile.lock. Run 'pod install' or update your CocoaPods installation.\" >&2\n    exit 1\nfi\n# This output is used by Xcode 'outputs' to avoid re-running this script phase.\necho \"SUCCESS\" > \"${SCRIPT_OUTPUT_FILE_0}\"\n";
			showEnvVarsInLog = 0;
		};
/* End PBXShellScriptBuildPhase section */

/* Begin PBXSourcesBuildPhase section */
		0B5C03512C85B76500C30092 /* Sources */ = {
			isa = PBXSourcesBuildPhase;
			buildActionMask = 2147483647;
			files = (
				0B5C03602C85B76500C30092 /* ViewController.m in Sources */,
				0B340C1B2D6C6EF400B84370 /* TableVC.m in Sources */,
				0B5C035A2C85B76500C30092 /* AppDelegate.m in Sources */,
				0BD0C8D82D6EE5B10003E85F /* TestID.m in Sources */,
				0B5C036B2C85B76700C30092 /* main.m in Sources */,
			);
			runOnlyForDeploymentPostprocessing = 0;
		};
/* End PBXSourcesBuildPhase section */

/* Begin PBXVariantGroup section */
		0B5C03612C85B76500C30092 /* Main.storyboard */ = {
			isa = PBXVariantGroup;
			children = (
				0B5C03622C85B76500C30092 /* Base */,
			);
			name = Main.storyboard;
			sourceTree = "<group>";
		};
		0B5C03662C85B76700C30092 /* LaunchScreen.storyboard */ = {
			isa = PBXVariantGroup;
			children = (
				0B5C03672C85B76700C30092 /* Base */,
			);
			name = LaunchScreen.storyboard;
			sourceTree = "<group>";
		};
/* End PBXVariantGroup section */

/* Begin XCBuildConfiguration section */
		0B5C036C2C85B76700C30092 /* Debug */ = {
			isa = XCBuildConfiguration;
			buildSettings = {
				ALWAYS_SEARCH_USER_PATHS = NO;
				ASSETCATALOG_COMPILER_GENERATE_SWIFT_ASSET_SYMBOL_EXTENSIONS = YES;
				CLANG_ANALYZER_NONNULL = YES;
				CLANG_ANALYZER_NUMBER_OBJECT_CONVERSION = YES_AGGRESSIVE;
				CLANG_CXX_LANGUAGE_STANDARD = "gnu++20";
				CLANG_ENABLE_MODULES = YES;
				CLANG_ENABLE_OBJC_ARC = YES;
				CLANG_ENABLE_OBJC_WEAK = YES;
				CLANG_WARN_BLOCK_CAPTURE_AUTORELEASING = YES;
				CLANG_WARN_BOOL_CONVERSION = YES;
				CLANG_WARN_COMMA = YES;
				CLANG_WARN_CONSTANT_CONVERSION = YES;
				CLANG_WARN_DEPRECATED_OBJC_IMPLEMENTATIONS = YES;
				CLANG_WARN_DIRECT_OBJC_ISA_USAGE = YES_ERROR;
				CLANG_WARN_DOCUMENTATION_COMMENTS = YES;
				CLANG_WARN_EMPTY_BODY = YES;
				CLANG_WARN_ENUM_CONVERSION = YES;
				CLANG_WARN_INFINITE_RECURSION = YES;
				CLANG_WARN_INT_CONVERSION = YES;
				CLANG_WARN_NON_LITERAL_NULL_CONVERSION = YES;
				CLANG_WARN_OBJC_IMPLICIT_RETAIN_SELF = YES;
				CLANG_WARN_OBJC_LITERAL_CONVERSION = YES;
				CLANG_WARN_OBJC_ROOT_CLASS = YES_ERROR;
				CLANG_WARN_QUOTED_INCLUDE_IN_FRAMEWORK_HEADER = YES;
				CLANG_WARN_RANGE_LOOP_ANALYSIS = YES;
				CLANG_WARN_STRICT_PROTOTYPES = YES;
				CLANG_WARN_SUSPICIOUS_MOVE = YES;
				CLANG_WARN_UNGUARDED_AVAILABILITY = YES_AGGRESSIVE;
				CLANG_WARN_UNREACHABLE_CODE = YES;
				CLANG_WARN__DUPLICATE_METHOD_MATCH = YES;
				COPY_PHASE_STRIP = NO;
				DEBUG_INFORMATION_FORMAT = dwarf;
				ENABLE_STRICT_OBJC_MSGSEND = YES;
				ENABLE_TESTABILITY = YES;
				ENABLE_USER_SCRIPT_SANDBOXING = YES;
				GCC_C_LANGUAGE_STANDARD = gnu17;
				GCC_DYNAMIC_NO_PIC = NO;
				GCC_NO_COMMON_BLOCKS = YES;
				GCC_OPTIMIZATION_LEVEL = 0;
				GCC_PREPROCESSOR_DEFINITIONS = (
					"DEBUG=1",
					"$(inherited)",
				);
				GCC_WARN_64_TO_32_BIT_CONVERSION = YES;
				GCC_WARN_ABOUT_RETURN_TYPE = YES_ERROR;
				GCC_WARN_UNDECLARED_SELECTOR = YES;
				GCC_WARN_UNINITIALIZED_AUTOS = YES_AGGRESSIVE;
				GCC_WARN_UNUSED_FUNCTION = YES;
				GCC_WARN_UNUSED_VARIABLE = YES;
				IPHONEOS_DEPLOYMENT_TARGET = 11;
				LOCALIZATION_PREFERS_STRING_CATALOGS = YES;
				MTL_ENABLE_DEBUG_INFO = INCLUDE_SOURCE;
				MTL_FAST_MATH = YES;
				ONLY_ACTIVE_ARCH = YES;
				SDKROOT = iphoneos;
			};
			name = Debug;
		};
		0B5C036D2C85B76700C30092 /* Release */ = {
			isa = XCBuildConfiguration;
			buildSettings = {
				ALWAYS_SEARCH_USER_PATHS = NO;
				ASSETCATALOG_COMPILER_GENERATE_SWIFT_ASSET_SYMBOL_EXTENSIONS = YES;
				CLANG_ANALYZER_NONNULL = YES;
				CLANG_ANALYZER_NUMBER_OBJECT_CONVERSION = YES_AGGRESSIVE;
				CLANG_CXX_LANGUAGE_STANDARD = "gnu++20";
				CLANG_ENABLE_MODULES = YES;
				CLANG_ENABLE_OBJC_ARC = YES;
				CLANG_ENABLE_OBJC_WEAK = YES;
				CLANG_WARN_BLOCK_CAPTURE_AUTORELEASING = YES;
				CLANG_WARN_BOOL_CONVERSION = YES;
				CLANG_WARN_COMMA = YES;
				CLANG_WARN_CONSTANT_CONVERSION = YES;
				CLANG_WARN_DEPRECATED_OBJC_IMPLEMENTATIONS = YES;
				CLANG_WARN_DIRECT_OBJC_ISA_USAGE = YES_ERROR;
				CLANG_WARN_DOCUMENTATION_COMMENTS = YES;
				CLANG_WARN_EMPTY_BODY = YES;
				CLANG_WARN_ENUM_CONVERSION = YES;
				CLANG_WARN_INFINITE_RECURSION = YES;
				CLANG_WARN_INT_CONVERSION = YES;
				CLANG_WARN_NON_LITERAL_NULL_CONVERSION = YES;
				CLANG_WARN_OBJC_IMPLICIT_RETAIN_SELF = YES;
				CLANG_WARN_OBJC_LITERAL_CONVERSION = YES;
				CLANG_WARN_OBJC_ROOT_CLASS = YES_ERROR;
				CLANG_WARN_QUOTED_INCLUDE_IN_FRAMEWORK_HEADER = YES;
				CLANG_WARN_RANGE_LOOP_ANALYSIS = YES;
				CLANG_WARN_STRICT_PROTOTYPES = YES;
				CLANG_WARN_SUSPICIOUS_MOVE = YES;
				CLANG_WARN_UNGUARDED_AVAILABILITY = YES_AGGRESSIVE;
				CLANG_WARN_UNREACHABLE_CODE = YES;
				CLANG_WARN__DUPLICATE_METHOD_MATCH = YES;
				COPY_PHASE_STRIP = NO;
				DEBUG_INFORMATION_FORMAT = "dwarf-with-dsym";
				ENABLE_NS_ASSERTIONS = NO;
				ENABLE_STRICT_OBJC_MSGSEND = YES;
				ENABLE_USER_SCRIPT_SANDBOXING = YES;
				GCC_C_LANGUAGE_STANDARD = gnu17;
				GCC_NO_COMMON_BLOCKS = YES;
				GCC_WARN_64_TO_32_BIT_CONVERSION = YES;
				GCC_WARN_ABOUT_RETURN_TYPE = YES_ERROR;
				GCC_WARN_UNDECLARED_SELECTOR = YES;
				GCC_WARN_UNINITIALIZED_AUTOS = YES_AGGRESSIVE;
				GCC_WARN_UNUSED_FUNCTION = YES;
				GCC_WARN_UNUSED_VARIABLE = YES;
				IPHONEOS_DEPLOYMENT_TARGET = 11;
				LOCALIZATION_PREFERS_STRING_CATALOGS = YES;
				MTL_ENABLE_DEBUG_INFO = NO;
				MTL_FAST_MATH = YES;
				SDKROOT = iphoneos;
				VALIDATE_PRODUCT = YES;
			};
			name = Release;
		};
		0B5C036F2C85B76700C30092 /* Debug */ = {
			isa = XCBuildConfiguration;
			baseConfigurationReference = C047BAE77EF04A75EC6E0C6D /* Pods-Demo.debug.xcconfig */;
			buildSettings = {
				ASSETCATALOG_COMPILER_APPICON_NAME = AppIcon;
				ASSETCATALOG_COMPILER_GLOBAL_ACCENT_COLOR_NAME = AccentColor;
				CODE_SIGN_STYLE = Automatic;
				CURRENT_PROJECT_VERSION = 1.0.0;
				DEVELOPMENT_TEAM = 7BTA4MQ3E3;
				ENABLE_USER_SCRIPT_SANDBOXING = NO;
				FRAMEWORK_SEARCH_PATHS = (
					"$(inherited)",
					"$(PROJECT_DIR)/Demo",
				);
				GENERATE_INFOPLIST_FILE = YES;
				INFOPLIST_FILE = Demo/Info.plist;
				INFOPLIST_KEY_CFBundleDisplayName = Demo;
				INFOPLIST_KEY_NSUserTrackingUsageDescription = "为了提供个性化的广告体验，我们需要您的同意来跟踪您的活动。";
				INFOPLIST_KEY_UIApplicationSupportsIndirectInputEvents = YES;
				INFOPLIST_KEY_UILaunchStoryboardName = LaunchScreen;
				INFOPLIST_KEY_UISupportedInterfaceOrientations_iPad = "UIInterfaceOrientationPortrait UIInterfaceOrientationPortraitUpsideDown UIInterfaceOrientationLandscapeLeft UIInterfaceOrientationLandscapeRight";
				INFOPLIST_KEY_UISupportedInterfaceOrientations_iPhone = "UIInterfaceOrientationPortrait UIInterfaceOrientationLandscapeLeft UIInterfaceOrientationLandscapeRight";
				LD_RUNPATH_SEARCH_PATHS = (
					"$(inherited)",
					"@executable_path/Frameworks",
				);
				MARKETING_VERSION = 1.0.0;
				OTHER_LDFLAGS = "";
				PRODUCT_BUNDLE_IDENTIFIER = com.lizhijia.shanyi;
				PRODUCT_NAME = "$(TARGET_NAME)";
				SWIFT_EMIT_LOC_STRINGS = YES;
				TARGETED_DEVICE_FAMILY = "1,2";
			};
			name = Debug;
		};
		0B5C03702C85B76700C30092 /* Release */ = {
			isa = XCBuildConfiguration;
			baseConfigurationReference = 6619A636FF7140D5E78AE81A /* Pods-Demo.release.xcconfig */;
			buildSettings = {
				ASSETCATALOG_COMPILER_APPICON_NAME = AppIcon;
				ASSETCATALOG_COMPILER_GLOBAL_ACCENT_COLOR_NAME = AccentColor;
				CODE_SIGN_STYLE = Automatic;
				CURRENT_PROJECT_VERSION = 1.0.0;
				DEVELOPMENT_TEAM = 7BTA4MQ3E3;
				ENABLE_USER_SCRIPT_SANDBOXING = NO;
				FRAMEWORK_SEARCH_PATHS = (
					"$(inherited)",
					"$(PROJECT_DIR)/Demo",
				);
				GENERATE_INFOPLIST_FILE = YES;
				INFOPLIST_FILE = Demo/Info.plist;
				INFOPLIST_KEY_CFBundleDisplayName = Demo;
				INFOPLIST_KEY_NSUserTrackingUsageDescription = "为了提供个性化的广告体验，我们需要您的同意来跟踪您的活动。";
				INFOPLIST_KEY_UIApplicationSupportsIndirectInputEvents = YES;
				INFOPLIST_KEY_UILaunchStoryboardName = LaunchScreen;
				INFOPLIST_KEY_UISupportedInterfaceOrientations_iPad = "UIInterfaceOrientationPortrait UIInterfaceOrientationPortraitUpsideDown UIInterfaceOrientationLandscapeLeft UIInterfaceOrientationLandscapeRight";
				INFOPLIST_KEY_UISupportedInterfaceOrientations_iPhone = "UIInterfaceOrientationPortrait UIInterfaceOrientationLandscapeLeft UIInterfaceOrientationLandscapeRight";
				LD_RUNPATH_SEARCH_PATHS = (
					"$(inherited)",
					"@executable_path/Frameworks",
				);
				MARKETING_VERSION = 1.0.0;
				OTHER_LDFLAGS = "";
				PRODUCT_BUNDLE_IDENTIFIER = com.lizhijia.shanyi;
				PRODUCT_NAME = "$(TARGET_NAME)";
				SWIFT_EMIT_LOC_STRINGS = YES;
				TARGETED_DEVICE_FAMILY = "1,2";
			};
			name = Release;
		};
/* End XCBuildConfiguration section */

/* Begin XCConfigurationList section */
		0B5C03502C85B76500C30092 /* Build configuration list for PBXProject "Demo" */ = {
			isa = XCConfigurationList;
			buildConfigurations = (
				0B5C036C2C85B76700C30092 /* Debug */,
				0B5C036D2C85B76700C30092 /* Release */,
			);
			defaultConfigurationIsVisible = 0;
			defaultConfigurationName = Release;
		};
		0B5C036E2C85B76700C30092 /* Build configuration list for PBXNativeTarget "Demo" */ = {
			isa = XCConfigurationList;
			buildConfigurations = (
				0B5C036F2C85B76700C30092 /* Debug */,
				0B5C03702C85B76700C30092 /* Release */,
			);
			defaultConfigurationIsVisible = 0;
			defaultConfigurationName = Release;
		};
/* End XCConfigurationList section */
	};
	rootObject = 0B5C034D2C85B76500C30092 /* Project object */;
}
