PODS:
  - BUTTSDKFramework (1.46.2.7-premium):
    - BUTTSDKFramework/LivePull-Lite (= 1.46.2.7-premium)
  - BUTTSDKFramework/Core (1.46.2.7-premium)
  - BUTTSDKFramework/LiveBase (1.46.2.7-premium):
    - BUTTSDKFramework/Core
    - BUTTSDKFramework/Reachability
  - BUTTSDKFramework/LivePlayer/Base (1.46.2.7-premium):
    - BUTTSDKFramework/Core
    - BUTTSDKFramework/LiveBase
    - BUTTSDKFramework/Reachability
  - BUTTSDKFramework/LivePlayer/Lite (1.46.2.7-premium):
    - BUTTSDKFramework/LivePlayer/Base
    - BUTTSDKFramework/PlayerCore/LiveLite
  - BUTTSDKFramework/LivePull-Lite (1.46.2.7-premium):
    - BUTTSDKFramework/LivePlayer/Lite
    - BUTTSDKFramework/Strategy/Lite
  - BUTTSDKFramework/PlayerCore/Base (1.46.2.7-premium):
    - BUTTSDKFramework/Core
    - BUTTSDKFramework/Tools
  - BUTTSDKFramework/PlayerCore/LiveLite (1.46.2.7-premium):
    - BUTTSDKFramework/PlayerCore/Base
    - BUTTSDKFramework/TTFFmpeg/LiveLite
  - BUTTSDKFramework/Reachability (1.46.2.7-premium)
  - BUTTSDKFramework/SSL (1.46.2.7-premium)
  - BUTTSDKFramework/Strategy/Core (1.46.2.7-premium):
    - BUTTSDKFramework/LiveBase
    - BUTTSDKFramework/Reachability
  - BUTTSDKFramework/Strategy/Lite (1.46.2.7-premium):
    - BUTTSDKFramework/LivePlayer/Lite
    - BUTTSDKFramework/Strategy/Core
  - BUTTSDKFramework/Tools (1.46.2.7-premium):
    - BUTTSDKFramework/SSL
  - BUTTSDKFramework/TTFFmpeg/Base (1.46.2.7-premium):
    - BUTTSDKFramework/Tools
  - BUTTSDKFramework/TTFFmpeg/LiveLite (1.46.2.7-premium):
    - BUTTSDKFramework/TTFFmpeg/Base

DEPENDENCIES:
  - BUTTSDKFramework (~> 1.46.2.7-premium)

SPEC REPOS:
  https://github.com/CocoaPods/Specs.git:
    - BUTTSDKFramework

SPEC CHECKSUMS:
  BUTTSDKFramework: b5d45b40003335843f05088c2373cef0b5638a9e

PODFILE CHECKSUM: 26e66b1f5e0f9b9a32d24b85a7eb7fb64788d736

COCOAPODS: 1.16.2
